{
  "name": "nodetest01",
  "version": "1.0.0",
  "lockfileVersion": 1,
  "requires": true,
  "dependencies": {
    "babylonjs": {
      "version": "4.2.0",
      "resolved": "https://registry.npmjs.org/babylonjs/-/babylonjs-4.2.0.tgz",
      "integrity": "sha512-4hniJzWRkV0tDTTYGEHPk1lnfWn0HIw7HOvNWPK0rpUIbJooyeD9E5uVyHnslDedt0mtrA7QZu4i2Cz1DEmSsA=="
    },
    "babylonjs-gltf2interface": {
      "version": "4.2.0",
      "resolved": "https://registry.npmjs.org/babylonjs-gltf2interface/-/babylonjs-gltf2interface-4.2.0.tgz",
      "integrity": "sha512-Fn/ThxwZWP9kEAqk+9FX9CAeF4ah/I0/8wzAZR8MQuYqlYpEfM+E/IztJ+4LoOOxQYMWNs5lgj8OXSkX0tqc4g=="
    },
    "babylonjs-loaders": {
      "version": "4.2.0",
      "resolved": "https://registry.npmjs.org/babylonjs-loaders/-/babylonjs-loaders-4.2.0.tgz",
      "integrity": "sha512-GGLvo4ibbSHMY0Kj/DBu4827NBWeDT0NOBi/UuifXltzqPJtJRi3PCEcELj4Ga8cRxkfYi/7PMKcce2zVnpLZA==",
      "requires": {
        "babylonjs": "4.2.0",
        "babylonjs-gltf2interface": "4.2.0"
      }
    },
    "babylonjs-serializers": {
      "version": "4.2.0",
      "resolved": "https://registry.npmjs.org/babylonjs-serializers/-/babylonjs-serializers-4.2.0.tgz",
      "integrity": "sha512-N5fmuZXBQaZZB9C9iyuu4SnnTvteAWt1iPyxW2aF8OUAaZ1uhyB6/cTsFS5/8ziXQ1GpR/gfKtk9QqB97Dn4ew==",
      "requires": {
        "babylonjs": "4.2.0",
        "babylonjs-gltf2interface": "4.2.0"
      }
    },
    "pepjs": {
      "version": "0.5.3",
      "resolved": "https://registry.npmjs.org/pepjs/-/pepjs-0.5.3.tgz",
      "integrity": "sha512-5yHVB9OHqKd9fr/OIsn8ss0NgThQ9buaqrEuwr9Or5YjPp6h+WTDKWZI+xZLaBGZCtODTnFtlSHNmhFsq67THg=="
    },
    "three": {
      "version": "0.135.0",
      "resolved": "https://registry.npmjs.org/three/-/three-0.135.0.tgz",
      "integrity": "sha512-kuEpuuxRzLv0MDsXai9huCxOSQPZ4vje6y0gn80SRmQvgz6/+rI0NAvCRAw56zYaWKMGMfqKWsxF9Qa2Z9xymQ=="
    }
  }
}
